
Microsoft Visual Studio Solution File, Format Version 12.00
# Visual Studio Version 16
VisualStudioVersion = 16.0.29418.71
MinimumVisualStudioVersion = 10.0.40219.1
Project("{FAE04EC0-301F-11D3-BF4B-00C04F79EFBC}") = "DesignPattern_Singleton", "DesignPattern_Singleton\DesignPattern_Singleton.csproj", "{F3895FA7-3DEC-4355-AB5C-C10327A96647}"
EndProject
Global
	GlobalSection(SolutionConfigurationPlatforms) = preSolution
		Debug|Any CPU = Debug|Any CPU
		Release|Any CPU = Release|Any CPU
	EndGlobalSection
	GlobalSection(ProjectConfigurationPlatforms) = postSolution
		{F3895FA7-3DEC-4355-AB5C-C10327A96647}.Debug|Any CPU.ActiveCfg = Debug|Any CPU
		{F3895FA7-3DEC-4355-AB5C-C10327A96647}.Debug|Any CPU.Build.0 = Debug|Any CPU
		{F3895FA7-3DEC-4355-AB5C-C10327A96647}.Release|Any CPU.ActiveCfg = Release|Any CPU
		{F3895FA7-3DEC-4355-AB5C-C10327A96647}.Release|Any CPU.Build.0 = Release|Any CPU
	EndGlobalSection
	GlobalSection(SolutionProperties) = preSolution
		HideSolutionNode = FALSE
	EndGlobalSection
	GlobalSection(ExtensibilityGlobals) = postSolution
		SolutionGuid = {CE6111FE-562D-4B42-9B12-72C89F8F5312}
	EndGlobalSection
EndGlobal
