
Microsoft Visual Studio Solution File, Format Version 12.00
# Visual Studio Version 16
VisualStudioVersion = 16.0.29418.71
MinimumVisualStudioVersion = 10.0.40219.1
Project("{FAE04EC0-301F-11D3-BF4B-00C04F79EFBC}") = "BuildAndRun", "BuildAndRun\BuildAndRun.csproj", "{22ADBA51-6926-4B2A-856B-A35EBE9AB5CD}"
EndProject
Global
	GlobalSection(SolutionConfigurationPlatforms) = preSolution
		Debug|Any CPU = Debug|Any CPU
		Release|Any CPU = Release|Any CPU
	EndGlobalSection
	GlobalSection(ProjectConfigurationPlatforms) = postSolution
		{22ADBA51-6926-4B2A-856B-A35EBE9AB5CD}.Debug|Any CPU.ActiveCfg = Debug|Any CPU
		{22ADBA51-6926-4B2A-856B-A35EBE9AB5CD}.Debug|Any CPU.Build.0 = Debug|Any CPU
		{22ADBA51-6926-4B2A-856B-A35EBE9AB5CD}.Release|Any CPU.ActiveCfg = Release|Any CPU
		{22ADBA51-6926-4B2A-856B-A35EBE9AB5CD}.Release|Any CPU.Build.0 = Release|Any CPU
	EndGlobalSection
	GlobalSection(SolutionProperties) = preSolution
		HideSolutionNode = FALSE
	EndGlobalSection
	GlobalSection(ExtensibilityGlobals) = postSolution
		SolutionGuid = {D11C43C6-4519-4C38-B677-A6E25ECE45E7}
	EndGlobalSection
EndGlobal
