
Microsoft Visual Studio Solution File, Format Version 12.00
# Visual Studio Version 16
VisualStudioVersion = 16.0.29519.181
MinimumVisualStudioVersion = 10.0.40219.1
Project("{FAE04EC0-301F-11D3-BF4B-00C04F79EFBC}") = "Configuration_All", "Configuration_All\Configuration_All.csproj", "{0023009F-A915-4F2D-8723-B5764BEAE953}"
EndProject
Project("{FAE04EC0-301F-11D3-BF4B-00C04F79EFBC}") = "Configuration_All.Config", "Configuration_All.Config\Configuration_All.Config.csproj", "{21EC065C-F19C-4BE9-B3E6-8B89D91FA7ED}"
EndProject
Global
	GlobalSection(SolutionConfigurationPlatforms) = preSolution
		Debug|Any CPU = Debug|Any CPU
		Release|Any CPU = Release|Any CPU
	EndGlobalSection
	GlobalSection(ProjectConfigurationPlatforms) = postSolution
		{0023009F-A915-4F2D-8723-B5764BEAE953}.Debug|Any CPU.ActiveCfg = Debug|Any CPU
		{0023009F-A915-4F2D-8723-B5764BEAE953}.Debug|Any CPU.Build.0 = Debug|Any CPU
		{0023009F-A915-4F2D-8723-B5764BEAE953}.Release|Any CPU.ActiveCfg = Release|Any CPU
		{0023009F-A915-4F2D-8723-B5764BEAE953}.Release|Any CPU.Build.0 = Release|Any CPU
		{21EC065C-F19C-4BE9-B3E6-8B89D91FA7ED}.Debug|Any CPU.ActiveCfg = Debug|Any CPU
		{21EC065C-F19C-4BE9-B3E6-8B89D91FA7ED}.Debug|Any CPU.Build.0 = Debug|Any CPU
		{21EC065C-F19C-4BE9-B3E6-8B89D91FA7ED}.Release|Any CPU.ActiveCfg = Release|Any CPU
		{21EC065C-F19C-4BE9-B3E6-8B89D91FA7ED}.Release|Any CPU.Build.0 = Release|Any CPU
	EndGlobalSection
	GlobalSection(SolutionProperties) = preSolution
		HideSolutionNode = FALSE
	EndGlobalSection
	GlobalSection(ExtensibilityGlobals) = postSolution
		SolutionGuid = {81B13AD6-A7E6-498A-91BE-B8961EDF1C1C}
	EndGlobalSection
EndGlobal
