
Microsoft Visual Studio Solution File, Format Version 12.00
# Visual Studio Version 16
VisualStudioVersion = 16.0.29418.71
MinimumVisualStudioVersion = 10.0.40219.1
Project("{FAE04EC0-301F-11D3-BF4B-00C04F79EFBC}") = "DI_More", "DI_More\DI_More.csproj", "{91EEFCFA-447A-446A-A23D-708D4F16ED7C}"
EndProject
Global
	GlobalSection(SolutionConfigurationPlatforms) = preSolution
		Debug|Any CPU = Debug|Any CPU
		Release|Any CPU = Release|Any CPU
	EndGlobalSection
	GlobalSection(ProjectConfigurationPlatforms) = postSolution
		{91EEFCFA-447A-446A-A23D-708D4F16ED7C}.Debug|Any CPU.ActiveCfg = Debug|Any CPU
		{91EEFCFA-447A-446A-A23D-708D4F16ED7C}.Debug|Any CPU.Build.0 = Debug|Any CPU
		{91EEFCFA-447A-446A-A23D-708D4F16ED7C}.Release|Any CPU.ActiveCfg = Release|Any CPU
		{91EEFCFA-447A-446A-A23D-708D4F16ED7C}.Release|Any CPU.Build.0 = Release|Any CPU
	EndGlobalSection
	GlobalSection(SolutionProperties) = preSolution
		HideSolutionNode = FALSE
	EndGlobalSection
	GlobalSection(ExtensibilityGlobals) = postSolution
		SolutionGuid = {04C210B1-DA29-4C4F-AE14-E4FE69A8D99F}
	EndGlobalSection
EndGlobal
